
Microsoft Visual Studio Solution File, Format Version 12.00
# Visual Studio Version 16
VisualStudioVersion = 16.0.32126.315
MinimumVisualStudioVersion = 10.0.40219.1
Project("{9A19103F-16F7-4668-BE54-9A1E7A4F7556}") = "SongManager", "SongManager.csproj", "{605611D4-F987-4103-B035-E588669B4B3D}"
EndProject
Project("{54435603-DBB4-11D2-8724-00A0C9A8B90C}") = "Song Manager", "..\Song Manager\Song Manager.vdproj", "{B9797D7F-F894-4C20-91F8-2EE6D8F82C92}"
EndProject
Global
	GlobalSection(SolutionConfigurationPlatforms) = preSolution
		Debug|Any CPU = Debug|Any CPU
		Release|Any CPU = Release|Any CPU
	EndGlobalSection
	GlobalSection(ProjectConfigurationPlatforms) = postSolution
		{605611D4-F987-4103-B035-E588669B4B3D}.Debug|Any CPU.ActiveCfg = Debug|Any CPU
		{605611D4-F987-4103-B035-E588669B4B3D}.Debug|Any CPU.Build.0 = Debug|Any CPU
		{605611D4-F987-4103-B035-E588669B4B3D}.Release|Any CPU.ActiveCfg = Release|Any CPU
		{605611D4-F987-4103-B035-E588669B4B3D}.Release|Any CPU.Build.0 = Release|Any CPU
		{B9797D7F-F894-4C20-91F8-2EE6D8F82C92}.Debug|Any CPU.ActiveCfg = Debug
		{B9797D7F-F894-4C20-91F8-2EE6D8F82C92}.Release|Any CPU.ActiveCfg = Release
	EndGlobalSection
	GlobalSection(SolutionProperties) = preSolution
		HideSolutionNode = FALSE
	EndGlobalSection
	GlobalSection(ExtensibilityGlobals) = postSolution
		SolutionGuid = {01312444-3D3C-4163-89F5-FC8A643957E9}
	EndGlobalSection
EndGlobal
